
Microsoft Visual Studio Solution File, Format Version 12.00
# Visual Studio Version 17
VisualStudioVersion = 17.11.35303.130
MinimumVisualStudioVersion = 10.0.40219.1
Project("{FAE04EC0-301F-11D3-BF4B-00C04F79EFBC}") = "phoneJWT", "phoneJWT\phoneJWT.csproj", "{CC7D9B57-0405-4412-9DC8-313DBE11D078}"
EndProject
Global
	GlobalSection(SolutionConfigurationPlatforms) = preSolution
		Debug|Any CPU = Debug|Any CPU
		Release|Any CPU = Release|Any CPU
	EndGlobalSection
	GlobalSection(ProjectConfigurationPlatforms) = postSolution
		{CC7D9B57-0405-4412-9DC8-313DBE11D078}.Debug|Any CPU.ActiveCfg = Debug|Any CPU
		{CC7D9B57-0405-4412-9DC8-313DBE11D078}.Debug|Any CPU.Build.0 = Debug|Any CPU
		{CC7D9B57-0405-4412-9DC8-313DBE11D078}.Debug|Any CPU.Deploy.0 = Debug|Any CPU
		{CC7D9B57-0405-4412-9DC8-313DBE11D078}.Release|Any CPU.ActiveCfg = Release|Any CPU
		{CC7D9B57-0405-4412-9DC8-313DBE11D078}.Release|Any CPU.Build.0 = Release|Any CPU
		{CC7D9B57-0405-4412-9DC8-313DBE11D078}.Release|Any CPU.Deploy.0 = Release|Any CPU
	EndGlobalSection
	GlobalSection(SolutionProperties) = preSolution
		HideSolutionNode = FALSE
	EndGlobalSection
	GlobalSection(ExtensibilityGlobals) = postSolution
		SolutionGuid = {EC341ABC-6E27-4D07-9962-8AF0A1DC763A}
	EndGlobalSection
EndGlobal
